
Microsoft Visual Studio Solution File, Format Version 12.00
# Visual Studio 15
VisualStudioVersion = 15.0.27428.2011
MinimumVisualStudioVersion = 10.0.40219.1
Project("{FAE04EC0-301F-11D3-BF4B-00C04F79EFBC}") = "Gartenhaus", "Gartenhaus\Gartenhaus.csproj", "{6791F0EE-F0E3-42D2-A83F-A10D4A38E1F8}"
EndProject
Global
	GlobalSection(SolutionConfigurationPlatforms) = preSolution
		Debug|Any CPU = Debug|Any CPU
		Release|Any CPU = Release|Any CPU
	EndGlobalSection
	GlobalSection(ProjectConfigurationPlatforms) = postSolution
		{6791F0EE-F0E3-42D2-A83F-A10D4A38E1F8}.Debug|Any CPU.ActiveCfg = Debug|Any CPU
		{6791F0EE-F0E3-42D2-A83F-A10D4A38E1F8}.Debug|Any CPU.Build.0 = Debug|Any CPU
		{6791F0EE-F0E3-42D2-A83F-A10D4A38E1F8}.Release|Any CPU.ActiveCfg = Release|Any CPU
		{6791F0EE-F0E3-42D2-A83F-A10D4A38E1F8}.Release|Any CPU.Build.0 = Release|Any CPU
	EndGlobalSection
	GlobalSection(SolutionProperties) = preSolution
		HideSolutionNode = FALSE
	EndGlobalSection
	GlobalSection(ExtensibilityGlobals) = postSolution
		SolutionGuid = {5D72C737-E342-4A20-B34B-AB3DDD7973F7}
	EndGlobalSection
EndGlobal
