
Microsoft Visual Studio Solution File, Format Version 12.00
# Visual Studio 15
VisualStudioVersion = 15.0.27428.2011
MinimumVisualStudioVersion = 10.0.40219.1
Project("{FAE04EC0-301F-11D3-BF4B-00C04F79EFBC}") = "Gartenhaus_2", "Gartenhaus_2\Gartenhaus_2.csproj", "{A96AF307-6014-45F0-8F16-85A9BF1B70D6}"
EndProject
Global
	GlobalSection(SolutionConfigurationPlatforms) = preSolution
		Debug|Any CPU = Debug|Any CPU
		Release|Any CPU = Release|Any CPU
	EndGlobalSection
	GlobalSection(ProjectConfigurationPlatforms) = postSolution
		{A96AF307-6014-45F0-8F16-85A9BF1B70D6}.Debug|Any CPU.ActiveCfg = Debug|Any CPU
		{A96AF307-6014-45F0-8F16-85A9BF1B70D6}.Debug|Any CPU.Build.0 = Debug|Any CPU
		{A96AF307-6014-45F0-8F16-85A9BF1B70D6}.Release|Any CPU.ActiveCfg = Release|Any CPU
		{A96AF307-6014-45F0-8F16-85A9BF1B70D6}.Release|Any CPU.Build.0 = Release|Any CPU
	EndGlobalSection
	GlobalSection(SolutionProperties) = preSolution
		HideSolutionNode = FALSE
	EndGlobalSection
	GlobalSection(ExtensibilityGlobals) = postSolution
		SolutionGuid = {6404A9E1-AC27-4C47-B926-91E7144A8385}
	EndGlobalSection
EndGlobal
