
Microsoft Visual Studio Solution File, Format Version 12.00
# Visual Studio 15
VisualStudioVersion = 15.0.27428.2011
MinimumVisualStudioVersion = 10.0.40219.1
Project("{FAE04EC0-301F-11D3-BF4B-00C04F79EFBC}") = "Server2", "Server2\Server2.csproj", "{AED41832-F671-41F0-A9F6-DE7914A25EEE}"
EndProject
Global
	GlobalSection(SolutionConfigurationPlatforms) = preSolution
		Debug|Any CPU = Debug|Any CPU
		Release|Any CPU = Release|Any CPU
	EndGlobalSection
	GlobalSection(ProjectConfigurationPlatforms) = postSolution
		{AED41832-F671-41F0-A9F6-DE7914A25EEE}.Debug|Any CPU.ActiveCfg = Debug|Any CPU
		{AED41832-F671-41F0-A9F6-DE7914A25EEE}.Debug|Any CPU.Build.0 = Debug|Any CPU
		{AED41832-F671-41F0-A9F6-DE7914A25EEE}.Release|Any CPU.ActiveCfg = Release|Any CPU
		{AED41832-F671-41F0-A9F6-DE7914A25EEE}.Release|Any CPU.Build.0 = Release|Any CPU
	EndGlobalSection
	GlobalSection(SolutionProperties) = preSolution
		HideSolutionNode = FALSE
	EndGlobalSection
	GlobalSection(ExtensibilityGlobals) = postSolution
		SolutionGuid = {4AB4F47D-7FC7-435B-8591-1B8EDA09313D}
	EndGlobalSection
EndGlobal
